{
  "name": "odbc-test",
  "version": "1.0.0",
  "lockfileVersion": 1,
  "requires": true,
  "dependencies": {
    "async": {
      "version": "3.1.1",
      "resolved": "https://registry.npmjs.org/async/-/async-3.1.1.tgz",
      "integrity": "sha512-X5Dj8hK1pJNC2Wzo2Rcp9FBVdJMGRR/S7V+lH46s8GVFhtbo5O4Le5GECCF/8PISVdkUA6mMPvgz7qTTD1rf1g=="
    },
    "node-addon-api": {
      "version": "1.7.1",
      "resolved": "https://registry.npmjs.org/node-addon-api/-/node-addon-api-1.7.1.tgz",
      "integrity": "sha512-2+DuKodWvwRTrCfKOeR24KIc5unKjOh8mz17NCzVnHWfjAdDqbfbjqh7gUT+BkXBRQM52+xCHciKWonJ3CbJMQ=="
    },
    "odbc": {
      "version": "2.2.2",
      "resolved": "https://registry.npmjs.org/odbc/-/odbc-2.2.2.tgz",
      "integrity": "sha512-gjjF0msqZ4Hea/cxTjkTqUtxoAROijqza3m1M1PcdIpP6j81HIlX5N3zxxVajwlaj2Tfh2exUZEQFXLfgRH+Jw==",
      "requires": {
        "async": "^3.0.1",
        "node-addon-api": "^1.7.1"
      }
    }
  }
}
